
Microsoft Visual Studio Solution File, Format Version 11.00
# Visual Studio 2010
Project("{FAE04EC0-301F-11D3-BF4B-00C04F79EFBC}") = "Unity.Timeline", "Unity.Timeline.csproj", "{944bbdb1-3322-16cd-0e1c-9f578b6c3b0c}"
EndProject
Project("{FAE04EC0-301F-11D3-BF4B-00C04F79EFBC}") = "Assembly-CSharp", "Assembly-CSharp.csproj", "{34b50e12-95e1-7b27-96b9-089a06a5c8fe}"
EndProject
Project("{FAE04EC0-301F-11D3-BF4B-00C04F79EFBC}") = "Unity.RenderPipelines.GPUDriven.Runtime", "Unity.RenderPipelines.GPUDriven.Runtime.csproj", "{e4f5b396-ae0a-e204-afa5-b548e9bfb98c}"
EndProject
Project("{FAE04EC0-301F-11D3-BF4B-00C04F79EFBC}") = "Unity.PlasticSCM.Editor", "Unity.PlasticSCM.Editor.csproj", "{9228452c-ac8a-c4b2-9383-c6364777a948}"
EndProject
Project("{FAE04EC0-301F-11D3-BF4B-00C04F79EFBC}") = "Unity.2D.Aseprite.Editor", "Unity.2D.Aseprite.Editor.csproj", "{0f4decc4-8cb1-1de8-52d0-06676fdbf1fe}"
EndProject
Project("{FAE04EC0-301F-11D3-BF4B-00C04F79EFBC}") = "Unity.ShaderGraph.Editor", "Unity.ShaderGraph.Editor.csproj", "{c2d32b5b-d303-8f42-c383-af9594fa1256}"
EndProject
Project("{FAE04EC0-301F-11D3-BF4B-00C04F79EFBC}") = "Unity.RenderPipelines.Core.Runtime", "Unity.RenderPipelines.Core.Runtime.csproj", "{4958c254-9194-a4b2-aced-b25a808583b0}"
EndProject
Project("{FAE04EC0-301F-11D3-BF4B-00C04F79EFBC}") = "Unity.Mathematics", "Unity.Mathematics.csproj", "{96fd4a95-231c-a9b5-ce64-b6c21ae99c22}"
EndProject
Project("{FAE04EC0-301F-11D3-BF4B-00C04F79EFBC}") = "Unity.Timeline.Editor", "Unity.Timeline.Editor.csproj", "{567914b9-7f44-44ea-37b8-46c2c01cd143}"
EndProject
Project("{FAE04EC0-301F-11D3-BF4B-00C04F79EFBC}") = "Unity.Multiplayer.Center.Editor", "Unity.Multiplayer.Center.Editor.csproj", "{0ffa946f-f49b-2a6a-16d8-4316bd6327ae}"
EndProject
Project("{FAE04EC0-301F-11D3-BF4B-00C04F79EFBC}") = "Unity.RenderPipelines.Core.Editor", "Unity.RenderPipelines.Core.Editor.csproj", "{e5ec8912-3925-e878-4ca1-a762c0533a8a}"
EndProject
Project("{FAE04EC0-301F-11D3-BF4B-00C04F79EFBC}") = "Unity.2D.Psdimporter.Editor", "Unity.2D.Psdimporter.Editor.csproj", "{599a7406-e979-0b4f-80ff-4734a029ebb1}"
EndProject
Project("{FAE04EC0-301F-11D3-BF4B-00C04F79EFBC}") = "Unity.Collections", "Unity.Collections.csproj", "{f43c0674-bc10-de75-4d17-72b291be2d19}"
EndProject
Project("{FAE04EC0-301F-11D3-BF4B-00C04F79EFBC}") = "UnityEngine.UI", "UnityEngine.UI.csproj", "{37cbc7ac-21fd-a060-3a81-bd91db363252}"
EndProject
Project("{FAE04EC0-301F-11D3-BF4B-00C04F79EFBC}") = "Unity.2D.IK.Runtime", "Unity.2D.IK.Runtime.csproj", "{6bc714b8-851a-33c2-db7e-c4941ae87a73}"
EndProject
Project("{FAE04EC0-301F-11D3-BF4B-00C04F79EFBC}") = "Unity.RenderPipelines.Universal.2D.Runtime", "Unity.RenderPipelines.Universal.2D.Runtime.csproj", "{3a0e33f0-c227-d409-957f-2b1c59a36bf8}"
EndProject
Project("{FAE04EC0-301F-11D3-BF4B-00C04F79EFBC}") = "Unity.VisualScripting.Core.Editor", "Unity.VisualScripting.Core.Editor.csproj", "{72bc61f5-495c-4632-4881-abce95c211e3}"
EndProject
Project("{FAE04EC0-301F-11D3-BF4B-00C04F79EFBC}") = "Unity.RenderPipelines.Universal.Editor", "Unity.RenderPipelines.Universal.Editor.csproj", "{5f99e26b-3c0f-33aa-7365-e6edcf3369a0}"
EndProject
Project("{FAE04EC0-301F-11D3-BF4B-00C04F79EFBC}") = "Unity.PerformanceTesting.Editor", "Unity.PerformanceTesting.Editor.csproj", "{6546e320-c2d9-02cb-708d-40d0aa4a4fdb}"
EndProject
Project("{FAE04EC0-301F-11D3-BF4B-00C04F79EFBC}") = "UnityEngine.TestRunner", "UnityEngine.TestRunner.csproj", "{ce2b2a0a-b7d8-bdf9-a18f-840173da2935}"
EndProject
Project("{FAE04EC0-301F-11D3-BF4B-00C04F79EFBC}") = "Unity.2D.Tilemap.Editor", "Unity.2D.Tilemap.Editor.csproj", "{096c1f26-295d-82cb-9047-1507482e5d9d}"
EndProject
Project("{FAE04EC0-301F-11D3-BF4B-00C04F79EFBC}") = "Unity.Burst", "Unity.Burst.csproj", "{59acff90-1c06-9418-022c-7c90656b8885}"
EndProject
Project("{FAE04EC0-301F-11D3-BF4B-00C04F79EFBC}") = "Unity.VisualScripting.Flow.Editor", "Unity.VisualScripting.Flow.Editor.csproj", "{95df0fd9-8703-0220-c757-0407bc8714fc}"
EndProject
Project("{FAE04EC0-301F-11D3-BF4B-00C04F79EFBC}") = "Unity.2D.SpriteShape.Editor", "Unity.2D.SpriteShape.Editor.csproj", "{5f50da7f-3b55-cfdb-7ea4-fdb6e6b22282}"
EndProject
Project("{FAE04EC0-301F-11D3-BF4B-00C04F79EFBC}") = "Unity.VisualStudio.Editor", "Unity.VisualStudio.Editor.csproj", "{72f67358-1e35-00c7-b252-ea92ae53595c}"
EndProject
Project("{FAE04EC0-301F-11D3-BF4B-00C04F79EFBC}") = "Unity.InputSystem", "Unity.InputSystem.csproj", "{e2c10826-ee87-daef-7040-a5180ab13d22}"
EndProject
Project("{FAE04EC0-301F-11D3-BF4B-00C04F79EFBC}") = "PPv2URPConverters", "PPv2URPConverters.csproj", "{6c68d352-81db-afcc-93a2-c2518e09ab1f}"
EndProject
Project("{FAE04EC0-301F-11D3-BF4B-00C04F79EFBC}") = "Unity.2D.Animation.Editor", "Unity.2D.Animation.Editor.csproj", "{3789e2a2-4c70-d341-0ac5-715ce29e1eb0}"
EndProject
Project("{FAE04EC0-301F-11D3-BF4B-00C04F79EFBC}") = "Unity.Searcher.Editor", "Unity.Searcher.Editor.csproj", "{6dc63739-1cf3-59a0-8c7d-e83a43ca1722}"
EndProject
Project("{FAE04EC0-301F-11D3-BF4B-00C04F79EFBC}") = "Unity.2D.SpriteShape.Runtime", "Unity.2D.SpriteShape.Runtime.csproj", "{f7295172-bc22-392a-1b19-841f8d5e0785}"
EndProject
Project("{FAE04EC0-301F-11D3-BF4B-00C04F79EFBC}") = "UnityEditor.TestRunner", "UnityEditor.TestRunner.csproj", "{c2c5a511-1b4f-bea7-ae24-d321a002a345}"
EndProject
Project("{FAE04EC0-301F-11D3-BF4B-00C04F79EFBC}") = "Unity.VisualScripting.Core", "Unity.VisualScripting.Core.csproj", "{5d4f6c0f-d735-bf01-e552-a56d8413ebb1}"
EndProject
Project("{FAE04EC0-301F-11D3-BF4B-00C04F79EFBC}") = "Unity.RenderPipelines.Universal.Runtime", "Unity.RenderPipelines.Universal.Runtime.csproj", "{5809c867-b41a-7a5c-232a-3daaf5f3bd67}"
EndProject
Project("{FAE04EC0-301F-11D3-BF4B-00C04F79EFBC}") = "Unity.CollabProxy.Editor", "Unity.CollabProxy.Editor.csproj", "{3bc5b99f-85be-56a4-a100-4fe8990f04bc}"
EndProject
Project("{FAE04EC0-301F-11D3-BF4B-00C04F79EFBC}") = "Unity.VisualScripting.State.Editor", "Unity.VisualScripting.State.Editor.csproj", "{3cce27c9-c0d8-d70f-aa55-cb24bad9b182}"
EndProject
Project("{FAE04EC0-301F-11D3-BF4B-00C04F79EFBC}") = "Unity.Burst.CodeGen", "Unity.Burst.CodeGen.csproj", "{aa304613-456b-f8b5-da8a-609c50ec6d30}"
EndProject
Project("{FAE04EC0-301F-11D3-BF4B-00C04F79EFBC}") = "Unity.VisualScripting.Flow", "Unity.VisualScripting.Flow.csproj", "{4534f780-17b7-6710-836d-3bcbd5a70ff8}"
EndProject
Project("{FAE04EC0-301F-11D3-BF4B-00C04F79EFBC}") = "Unity.PerformanceTesting", "Unity.PerformanceTesting.csproj", "{c15c3f0e-68ab-8668-d0a0-f0351b6e9628}"
EndProject
Project("{FAE04EC0-301F-11D3-BF4B-00C04F79EFBC}") = "Unity.2D.Tilemap.Extras.Editor", "Unity.2D.Tilemap.Extras.Editor.csproj", "{787b590f-9bb9-907c-fb2e-40984e436d7c}"
EndProject
Project("{FAE04EC0-301F-11D3-BF4B-00C04F79EFBC}") = "Unity.TextMeshPro", "Unity.TextMeshPro.csproj", "{c4e1010c-0bf1-3887-0547-8812e495f499}"
EndProject
Project("{FAE04EC0-301F-11D3-BF4B-00C04F79EFBC}") = "Unity.TextMeshPro.Editor", "Unity.TextMeshPro.Editor.csproj", "{0e33b3c1-a909-5118-0239-a0ba09c12df5}"
EndProject
Project("{FAE04EC0-301F-11D3-BF4B-00C04F79EFBC}") = "Unity.Rendering.LightTransport.Runtime", "Unity.Rendering.LightTransport.Runtime.csproj", "{f37b2be9-10ce-b911-1493-467154506b20}"
EndProject
Project("{FAE04EC0-301F-11D3-BF4B-00C04F79EFBC}") = "PsdPlugin", "PsdPlugin.csproj", "{b732141c-a55e-b042-555b-1dd485f018b9}"
EndProject
Project("{FAE04EC0-301F-11D3-BF4B-00C04F79EFBC}") = "Unity.2D.IK.Editor", "Unity.2D.IK.Editor.csproj", "{95760334-03ef-f821-0acb-277e9c3ec445}"
EndProject
Project("{FAE04EC0-301F-11D3-BF4B-00C04F79EFBC}") = "Unity.InternalAPIEngineBridge.001", "Unity.InternalAPIEngineBridge.001.csproj", "{439a525c-7743-ef9e-1abd-fbcc671a09e6}"
EndProject
Project("{FAE04EC0-301F-11D3-BF4B-00C04F79EFBC}") = "Unity.2D.Aseprite.Common", "Unity.2D.Aseprite.Common.csproj", "{222644b6-2329-397c-8f07-3c94399b1c7a}"
EndProject
Project("{FAE04EC0-301F-11D3-BF4B-00C04F79EFBC}") = "Unity.Burst.Editor", "Unity.Burst.Editor.csproj", "{b64625f8-03df-c9e7-3152-1a7f38d33e6c}"
EndProject
Project("{FAE04EC0-301F-11D3-BF4B-00C04F79EFBC}") = "Unity.2D.Common.Path.Editor", "Unity.2D.Common.Path.Editor.csproj", "{f06dc299-6cb6-2a00-674c-ece425885b9f}"
EndProject
Project("{FAE04EC0-301F-11D3-BF4B-00C04F79EFBC}") = "Unity.2D.Common.Editor", "Unity.2D.Common.Editor.csproj", "{e0201a4d-6a24-d4f6-d251-b0557a656080}"
EndProject
Project("{FAE04EC0-301F-11D3-BF4B-00C04F79EFBC}") = "Unity.Rider.Editor", "Unity.Rider.Editor.csproj", "{23edd48a-028d-2055-a02b-7478ddcc7ea6}"
EndProject
Project("{FAE04EC0-301F-11D3-BF4B-00C04F79EFBC}") = "Unity.VisualScripting.State", "Unity.VisualScripting.State.csproj", "{889e9f0f-e0f9-b1ff-50d4-7d982e348bb0}"
EndProject
Project("{FAE04EC0-301F-11D3-BF4B-00C04F79EFBC}") = "Unity.InternalAPIEditorBridge.001", "Unity.InternalAPIEditorBridge.001.csproj", "{9e07988b-a2b0-a575-6301-eb9eb62522d9}"
EndProject
Project("{FAE04EC0-301F-11D3-BF4B-00C04F79EFBC}") = "UnityEditor.UI", "UnityEditor.UI.csproj", "{d3b11d69-76cc-968b-1bd6-18a9ac1924f0}"
EndProject
Project("{FAE04EC0-301F-11D3-BF4B-00C04F79EFBC}") = "Unity.2D.PixelPerfect.Editor", "Unity.2D.PixelPerfect.Editor.csproj", "{326574f6-4036-47f8-6ecc-4baa9558167f}"
EndProject
Project("{FAE04EC0-301F-11D3-BF4B-00C04F79EFBC}") = "Unity.2D.Sprite.Editor", "Unity.2D.Sprite.Editor.csproj", "{8361c06d-3f57-af85-1868-5cd0b3098ab2}"
EndProject
Project("{FAE04EC0-301F-11D3-BF4B-00C04F79EFBC}") = "Unity.Multiplayer.Center.Common", "Unity.Multiplayer.Center.Common.csproj", "{3528cccb-4c6a-fc83-a3e6-7f2aa220c70c}"
EndProject
Project("{FAE04EC0-301F-11D3-BF4B-00C04F79EFBC}") = "Unity.InputSystem.ForUI", "Unity.InputSystem.ForUI.csproj", "{9d4ecf80-71d0-23fc-dce2-002753264745}"
EndProject
Project("{FAE04EC0-301F-11D3-BF4B-00C04F79EFBC}") = "Unity.Collections.CodeGen", "Unity.Collections.CodeGen.csproj", "{ff4e686a-878e-728c-6890-864a09461e4c}"
EndProject
Project("{FAE04EC0-301F-11D3-BF4B-00C04F79EFBC}") = "Unity.2D.Tilemap.Extras", "Unity.2D.Tilemap.Extras.csproj", "{f74f1f21-b73a-1bbe-d1e1-1a9132f8fa44}"
EndProject
Project("{FAE04EC0-301F-11D3-BF4B-00C04F79EFBC}") = "Unity.2D.Animation.Runtime", "Unity.2D.Animation.Runtime.csproj", "{8cd648f7-e1aa-1baa-015e-efe3977e7336}"
EndProject
Project("{FAE04EC0-301F-11D3-BF4B-00C04F79EFBC}") = "Unity.Mathematics.Editor", "Unity.Mathematics.Editor.csproj", "{5e285905-8de6-2e10-d2e4-7b51ea0dbc78}"
EndProject
Project("{FAE04EC0-301F-11D3-BF4B-00C04F79EFBC}") = "Unity.VisualScripting.SettingsProvider.Editor", "Unity.VisualScripting.SettingsProvider.Editor.csproj", "{de2fd318-1074-d9d0-7ca8-f80f00139212}"
EndProject
Project("{FAE04EC0-301F-11D3-BF4B-00C04F79EFBC}") = "Unity.InputSystem.TestFramework", "Unity.InputSystem.TestFramework.csproj", "{76d98eb5-9a80-a505-40bf-dee2df24447b}"
EndProject
Project("{FAE04EC0-301F-11D3-BF4B-00C04F79EFBC}") = "Unity.ShaderGraph.Utilities", "Unity.ShaderGraph.Utilities.csproj", "{8968473b-e439-2654-6818-fdfa8424e889}"
EndProject
Project("{FAE04EC0-301F-11D3-BF4B-00C04F79EFBC}") = "Unity.VisualScripting.Shared.Editor", "Unity.VisualScripting.Shared.Editor.csproj", "{019b6dd1-7e76-023e-066c-837bf475810d}"
EndProject
Project("{FAE04EC0-301F-11D3-BF4B-00C04F79EFBC}") = "Unity.RenderPipeline.Universal.ShaderLibrary", "Unity.RenderPipeline.Universal.ShaderLibrary.csproj", "{98e81981-f30f-d1d9-7afe-8f4c125116a3}"
EndProject
Project("{FAE04EC0-301F-11D3-BF4B-00C04F79EFBC}") = "Unity.2D.Common.Runtime", "Unity.2D.Common.Runtime.csproj", "{5ff725ce-f9fe-c803-e3cf-fe1227fad1d9}"
EndProject
Project("{FAE04EC0-301F-11D3-BF4B-00C04F79EFBC}") = "Unity.2D.PixelPerfect", "Unity.2D.PixelPerfect.csproj", "{ee806346-92f0-030c-ec3b-0d6e8a97f844}"
EndProject
Project("{FAE04EC0-301F-11D3-BF4B-00C04F79EFBC}") = "Unity.Rendering.LightTransport.Editor", "Unity.Rendering.LightTransport.Editor.csproj", "{423f0d4c-3d05-fd68-5f5e-270016891b91}"
EndProject
Project("{FAE04EC0-301F-11D3-BF4B-00C04F79EFBC}") = "Unity.InputSystem.DocCodeSamples", "Unity.InputSystem.DocCodeSamples.csproj", "{87bb7af6-2983-e5a3-9b7c-c9bad30af2d4}"
EndProject
Project("{FAE04EC0-301F-11D3-BF4B-00C04F79EFBC}") = "Unity.RenderPipelines.Universal.Shaders", "Unity.RenderPipelines.Universal.Shaders.csproj", "{88960727-9025-e921-bbce-af49ab3ea494}"
EndProject
Project("{FAE04EC0-301F-11D3-BF4B-00C04F79EFBC}") = "Unity.RenderPipelines.Core.Runtime.Shared", "Unity.RenderPipelines.Core.Runtime.Shared.csproj", "{e55c697a-8fa9-110e-dfaa-d9592e6d1f50}"
EndProject
Project("{FAE04EC0-301F-11D3-BF4B-00C04F79EFBC}") = "ScriptablePacker", "ScriptablePacker.csproj", "{b33c7e09-2e73-d164-ba6d-42e2f5fa0a4b}"
EndProject
Project("{FAE04EC0-301F-11D3-BF4B-00C04F79EFBC}") = "Unity.Collections.Editor", "Unity.Collections.Editor.csproj", "{b9d302c9-7133-2e6f-6fbb-644a33511e9c}"
EndProject
Project("{FAE04EC0-301F-11D3-BF4B-00C04F79EFBC}") = "Unity.RenderPipelines.Universal.Config.Runtime", "Unity.RenderPipelines.Universal.Config.Runtime.csproj", "{d4c4aa40-349f-dbcd-7765-c8f204c81ef8}"
EndProject
Project("{FAE04EC0-301F-11D3-BF4B-00C04F79EFBC}") = "Unity.RenderPipelines.ShaderGraph.ShaderGraphLibrary", "Unity.RenderPipelines.ShaderGraph.ShaderGraphLibrary.csproj", "{108fdc1f-9547-2fdd-579d-258bf654a1fc}"
EndProject
Project("{FAE04EC0-301F-11D3-BF4B-00C04F79EFBC}") = "Unity.RenderPipelines.Core.ShaderLibrary", "Unity.RenderPipelines.Core.ShaderLibrary.csproj", "{0e7e3cb1-3d07-6f3d-fefc-bab2d70eb099}"
EndProject
Project("{FAE04EC0-301F-11D3-BF4B-00C04F79EFBC}") = "Unity.RenderPipelines.Core.Editor.Shared", "Unity.RenderPipelines.Core.Editor.Shared.csproj", "{9cd5fb91-7c38-e59a-2723-51180a745901}"
EndProject
Project("{FAE04EC0-301F-11D3-BF4B-00C04F79EFBC}") = "Unity.Timeline", "Unity.Timeline.Player.csproj", "{c1a83fb3-0ed6-0bf0-eb43-766c581a6a81}"
EndProject
Project("{FAE04EC0-301F-11D3-BF4B-00C04F79EFBC}") = "Assembly-CSharp", "Assembly-CSharp.Player.csproj", "{b006852f-f0af-5733-4f17-2c2401781a8a}"
EndProject
Project("{FAE04EC0-301F-11D3-BF4B-00C04F79EFBC}") = "Unity.RenderPipelines.GPUDriven.Runtime", "Unity.RenderPipelines.GPUDriven.Runtime.Player.csproj", "{79897f19-d432-fab5-ef92-39197ee59fe1}"
EndProject
Project("{FAE04EC0-301F-11D3-BF4B-00C04F79EFBC}") = "Unity.RenderPipelines.Core.Runtime", "Unity.RenderPipelines.Core.Runtime.Player.csproj", "{d5840d51-12f2-161c-665e-39536a009532}"
EndProject
Project("{FAE04EC0-301F-11D3-BF4B-00C04F79EFBC}") = "Unity.Mathematics", "Unity.Mathematics.Player.csproj", "{8d132296-47cf-163c-0cb9-53c235c095dd}"
EndProject
Project("{FAE04EC0-301F-11D3-BF4B-00C04F79EFBC}") = "Unity.Collections", "Unity.Collections.Player.csproj", "{447dd3fd-476e-a448-c677-d8ab153e2d4f}"
EndProject
Project("{FAE04EC0-301F-11D3-BF4B-00C04F79EFBC}") = "UnityEngine.UI", "UnityEngine.UI.Player.csproj", "{9b5eafac-af6e-3409-bd04-3a8e3c8fec63}"
EndProject
Project("{FAE04EC0-301F-11D3-BF4B-00C04F79EFBC}") = "Unity.2D.IK.Runtime", "Unity.2D.IK.Runtime.Player.csproj", "{d65fe572-ea8d-ed5f-d225-b8902bbe85c8}"
EndProject
Project("{FAE04EC0-301F-11D3-BF4B-00C04F79EFBC}") = "Unity.RenderPipelines.Universal.2D.Runtime", "Unity.RenderPipelines.Universal.2D.Runtime.Player.csproj", "{bb7639dd-3db5-f3c0-cb7a-fc58a27f853e}"
EndProject
Project("{FAE04EC0-301F-11D3-BF4B-00C04F79EFBC}") = "UnityEngine.TestRunner", "UnityEngine.TestRunner.Player.csproj", "{3e0b3c23-b2be-724c-51af-f94694a4f6b2}"
EndProject
Project("{FAE04EC0-301F-11D3-BF4B-00C04F79EFBC}") = "Unity.Burst", "Unity.Burst.Player.csproj", "{9c7947bb-ef66-249d-96f6-95fc13b365b1}"
EndProject
Project("{FAE04EC0-301F-11D3-BF4B-00C04F79EFBC}") = "Unity.InputSystem", "Unity.InputSystem.Player.csproj", "{0e7beb20-83a9-4685-d5f8-38c83d30a64c}"
EndProject
Project("{FAE04EC0-301F-11D3-BF4B-00C04F79EFBC}") = "Unity.2D.SpriteShape.Runtime", "Unity.2D.SpriteShape.Runtime.Player.csproj", "{7c20212b-f072-87f8-5a1d-94117eec2d56}"
EndProject
Project("{FAE04EC0-301F-11D3-BF4B-00C04F79EFBC}") = "Unity.VisualScripting.Core", "Unity.VisualScripting.Core.Player.csproj", "{c0fae531-a4ae-ece1-40e1-6596d1fde720}"
EndProject
Project("{FAE04EC0-301F-11D3-BF4B-00C04F79EFBC}") = "Unity.RenderPipelines.Universal.Runtime", "Unity.RenderPipelines.Universal.Runtime.Player.csproj", "{f7833366-ad9c-4d0c-9b0f-83c67ad8c3ea}"
EndProject
Project("{FAE04EC0-301F-11D3-BF4B-00C04F79EFBC}") = "Unity.VisualScripting.Flow", "Unity.VisualScripting.Flow.Player.csproj", "{08d663a2-1b11-402a-d6c1-9aa8355078c6}"
EndProject
Project("{FAE04EC0-301F-11D3-BF4B-00C04F79EFBC}") = "Unity.PerformanceTesting", "Unity.PerformanceTesting.Player.csproj", "{e4530317-8d42-0f53-582e-e74d9ceaddaa}"
EndProject
Project("{FAE04EC0-301F-11D3-BF4B-00C04F79EFBC}") = "Unity.TextMeshPro", "Unity.TextMeshPro.Player.csproj", "{ed611a3b-c6ea-5573-a933-297ca06590ff}"
EndProject
Project("{FAE04EC0-301F-11D3-BF4B-00C04F79EFBC}") = "Unity.Rendering.LightTransport.Runtime", "Unity.Rendering.LightTransport.Runtime.Player.csproj", "{1cd10e34-1faf-3ba1-ca2e-c9c67d5bd24b}"
EndProject
Project("{FAE04EC0-301F-11D3-BF4B-00C04F79EFBC}") = "Unity.InternalAPIEngineBridge.001", "Unity.InternalAPIEngineBridge.001.Player.csproj", "{4e7ce0b2-9634-d35a-3af5-123df40cd217}"
EndProject
Project("{FAE04EC0-301F-11D3-BF4B-00C04F79EFBC}") = "Unity.VisualScripting.State", "Unity.VisualScripting.State.Player.csproj", "{b4343204-003e-5993-5b47-397dcb7f0b6d}"
EndProject
Project("{FAE04EC0-301F-11D3-BF4B-00C04F79EFBC}") = "Unity.Multiplayer.Center.Common", "Unity.Multiplayer.Center.Common.Player.csproj", "{c15f2286-be0e-e8fd-316b-efcfd42bf20c}"
EndProject
Project("{FAE04EC0-301F-11D3-BF4B-00C04F79EFBC}") = "Unity.InputSystem.ForUI", "Unity.InputSystem.ForUI.Player.csproj", "{80060ef6-74c1-0f9f-f4ab-c7226a098f2e}"
EndProject
Project("{FAE04EC0-301F-11D3-BF4B-00C04F79EFBC}") = "Unity.2D.Tilemap.Extras", "Unity.2D.Tilemap.Extras.Player.csproj", "{7081e1b3-46ce-6d72-d3be-287a3179c326}"
EndProject
Project("{FAE04EC0-301F-11D3-BF4B-00C04F79EFBC}") = "Unity.2D.Animation.Runtime", "Unity.2D.Animation.Runtime.Player.csproj", "{a3a0bd59-0c26-8ae4-9cc9-1e37ed9b5db8}"
EndProject
Project("{FAE04EC0-301F-11D3-BF4B-00C04F79EFBC}") = "Unity.InputSystem.TestFramework", "Unity.InputSystem.TestFramework.Player.csproj", "{3ec1c67f-514f-57ef-2653-9009be8cd62c}"
EndProject
Project("{FAE04EC0-301F-11D3-BF4B-00C04F79EFBC}") = "Unity.RenderPipeline.Universal.ShaderLibrary", "Unity.RenderPipeline.Universal.ShaderLibrary.Player.csproj", "{2e978f73-8699-acb3-a64f-d13f366d5c61}"
EndProject
Project("{FAE04EC0-301F-11D3-BF4B-00C04F79EFBC}") = "Unity.2D.Common.Runtime", "Unity.2D.Common.Runtime.Player.csproj", "{f576b730-c21f-c551-9057-1b825290bfb3}"
EndProject
Project("{FAE04EC0-301F-11D3-BF4B-00C04F79EFBC}") = "Unity.2D.PixelPerfect", "Unity.2D.PixelPerfect.Player.csproj", "{6d0f9a77-9334-9d72-b17a-57d8e6382ace}"
EndProject
Project("{FAE04EC0-301F-11D3-BF4B-00C04F79EFBC}") = "Unity.RenderPipelines.Universal.Shaders", "Unity.RenderPipelines.Universal.Shaders.Player.csproj", "{13c5bb5d-36d2-af03-d220-17af91745cf5}"
EndProject
Project("{FAE04EC0-301F-11D3-BF4B-00C04F79EFBC}") = "Unity.RenderPipelines.Core.Runtime.Shared", "Unity.RenderPipelines.Core.Runtime.Shared.Player.csproj", "{f66ca9bd-29b5-03bc-9bec-7a414fcd1dd2}"
EndProject
Project("{FAE04EC0-301F-11D3-BF4B-00C04F79EFBC}") = "Unity.RenderPipelines.Universal.Config.Runtime", "Unity.RenderPipelines.Universal.Config.Runtime.Player.csproj", "{737195b3-7415-8ad7-26f0-688f89588fb3}"
EndProject
Project("{FAE04EC0-301F-11D3-BF4B-00C04F79EFBC}") = "Unity.RenderPipelines.ShaderGraph.ShaderGraphLibrary", "Unity.RenderPipelines.ShaderGraph.ShaderGraphLibrary.Player.csproj", "{d125346c-5771-ac14-686b-39be4b60ffc6}"
EndProject
Project("{FAE04EC0-301F-11D3-BF4B-00C04F79EFBC}") = "Unity.RenderPipelines.Core.ShaderLibrary", "Unity.RenderPipelines.Core.ShaderLibrary.Player.csproj", "{11630e36-eb61-99aa-a013-9cad7be2c322}"
EndProject
Project("{FAE04EC0-301F-11D3-BF4B-00C04F79EFBC}") = "Assembly-CSharp-Editor", "Assembly-CSharp-Editor.csproj", "{ee803634-a84b-35dc-d025-625d354feb68}"
EndProject
Project("{FAE04EC0-301F-11D3-BF4B-00C04F79EFBC}") = "Unity.Mathematics.Tests", "Unity.Mathematics.Tests.csproj", "{551e706d-1399-d88f-9d73-e008382b3aa7}"
EndProject
Project("{FAE04EC0-301F-11D3-BF4B-00C04F79EFBC}") = "Unity.RenderPipelines.Core.Editor.Tests", "Unity.RenderPipelines.Core.Editor.Tests.csproj", "{db52c077-54ca-d9ce-f5e1-7acca7827052}"
EndProject
Project("{FAE04EC0-301F-11D3-BF4B-00C04F79EFBC}") = "Unity.2D.Aseprite.EditorTests", "Unity.2D.Aseprite.EditorTests.csproj", "{2311430b-36fa-ebc2-3a9e-776f388878e7}"
EndProject
Project("{FAE04EC0-301F-11D3-BF4B-00C04F79EFBC}") = "Unity.RenderPipelines.Universal.Config.Editor.Tests", "Unity.RenderPipelines.Universal.Config.Editor.Tests.csproj", "{efacba10-c0be-f650-816f-fe8a7ef2a0de}"
EndProject
Project("{FAE04EC0-301F-11D3-BF4B-00C04F79EFBC}") = "Unity.RenderPipelines.Universal.Editor.Tests", "Unity.RenderPipelines.Universal.Editor.Tests.csproj", "{06cf6fe5-9be2-ea9f-b7a2-42a956cc6e64}"
EndProject
Project("{FAE04EC0-301F-11D3-BF4B-00C04F79EFBC}") = "Unity.Collections.DocCodeSamples", "Unity.Collections.DocCodeSamples.csproj", "{57e341f2-92aa-38ea-8521-fa4287b9c77f}"
EndProject
Project("{FAE04EC0-301F-11D3-BF4B-00C04F79EFBC}") = "Unity.2D.Sprite.Package.EditorTests", "Unity.2D.Sprite.Package.EditorTests.csproj", "{1cf7fbc1-8371-8252-0d8e-58fd27b197d4}"
EndProject
Project("{FAE04EC0-301F-11D3-BF4B-00C04F79EFBC}") = "Unity.2D.PixelPerfect.EditorTests", "Unity.2D.PixelPerfect.EditorTests.csproj", "{f706a7a0-6d34-4d24-443a-090d2091919f}"
EndProject
Project("{FAE04EC0-301F-11D3-BF4B-00C04F79EFBC}") = "Unity.2D.SpriteShape.EditorTests", "Unity.2D.SpriteShape.EditorTests.csproj", "{67c95ba1-7952-bda1-f845-f532a8d87dbf}"
EndProject
Project("{FAE04EC0-301F-11D3-BF4B-00C04F79EFBC}") = "Unity.2D.Common.EditorTests", "Unity.2D.Common.EditorTests.csproj", "{e4a9d409-e465-85a5-9bab-c52203502df2}"
EndProject
Project("{FAE04EC0-301F-11D3-BF4B-00C04F79EFBC}") = "Unity.Searcher.EditorTests", "Unity.Searcher.EditorTests.csproj", "{4bf25329-2c4f-f4c1-3be8-0169ab4facc8}"
EndProject
Project("{FAE04EC0-301F-11D3-BF4B-00C04F79EFBC}") = "Unity.Collections.PerformanceTests", "Unity.Collections.PerformanceTests.csproj", "{4d59a8b5-b83b-1b75-fce7-13c468b9869f}"
EndProject
Project("{FAE04EC0-301F-11D3-BF4B-00C04F79EFBC}") = "Unity.TextMeshPro.Editor.Tests", "Unity.TextMeshPro.Editor.Tests.csproj", "{ca314116-925c-9fbe-4b2c-6e7d2ceb46c2}"
EndProject
Project("{FAE04EC0-301F-11D3-BF4B-00C04F79EFBC}") = "DocCodeExamples", "DocCodeExamples.csproj", "{e8b408d5-1f85-dcda-3e79-b402309425ad}"
EndProject
Project("{FAE04EC0-301F-11D3-BF4B-00C04F79EFBC}") = "Unity.LightTransport.Editor.Tests", "Unity.LightTransport.Editor.Tests.csproj", "{9e883109-5121-56b9-b8c3-d229ec04b876}"
EndProject
Project("{FAE04EC0-301F-11D3-BF4B-00C04F79EFBC}") = "Unity.Multiplayer.Center.Tests", "Unity.Multiplayer.Center.Tests.csproj", "{b45ec8bf-138f-ab80-601e-93d8ca16bf90}"
EndProject
Project("{FAE04EC0-301F-11D3-BF4B-00C04F79EFBC}") = "Unity.Collections.Tests", "Unity.Collections.Tests.csproj", "{1c805ffd-a177-9a72-53bc-47a73f9492e4}"
EndProject
Project("{FAE04EC0-301F-11D3-BF4B-00C04F79EFBC}") = "Unity.RenderPipelines.Core.Runtime.Tests", "Unity.RenderPipelines.Core.Runtime.Tests.csproj", "{e6ea3266-11f4-a94d-df05-0406bb39f1dd}"
EndProject
Project("{FAE04EC0-301F-11D3-BF4B-00C04F79EFBC}") = "Unity.2D.Psdimporter.EditorTests", "Unity.2D.Psdimporter.EditorTests.csproj", "{5b9ad0c4-0eef-93ab-4e42-573bf46a12e8}"
EndProject
Project("{FAE04EC0-301F-11D3-BF4B-00C04F79EFBC}") = "Unity.Multiplayer.Center.Editor.Tests", "Unity.Multiplayer.Center.Editor.Tests.csproj", "{e87f66c9-a085-8724-2ed9-4b1851f4dbe5}"
EndProject
Project("{FAE04EC0-301F-11D3-BF4B-00C04F79EFBC}") = "UnityEngine.UI.Tests", "UnityEngine.UI.Tests.csproj", "{64a4060e-16a4-ae6f-19f9-0db299645066}"
EndProject
Project("{FAE04EC0-301F-11D3-BF4B-00C04F79EFBC}") = "Unity.InputSystem.IntegrationTests", "Unity.InputSystem.IntegrationTests.csproj", "{9bbb827e-7e94-bc2d-8cc9-92b852a19d07}"
EndProject
Project("{FAE04EC0-301F-11D3-BF4B-00C04F79EFBC}") = "Unity.Collections.Tests.Playmode", "Unity.Collections.Tests.Playmode.csproj", "{1590be4f-3db7-6be0-4df0-d53da416bbf9}"
EndProject
Project("{FAE04EC0-301F-11D3-BF4B-00C04F79EFBC}") = "Unity.Nuget.Mono-Cecil", "Unity.Nuget.Mono-Cecil.csproj", "{06f4b897-834e-2bba-82cd-3374ec8c4ab3}"
EndProject
Project("{FAE04EC0-301F-11D3-BF4B-00C04F79EFBC}") = "Unity.2D.Animation.EditorTests", "Unity.2D.Animation.EditorTests.csproj", "{3030c1a5-2afa-b277-8c3f-558b41828405}"
EndProject
Project("{FAE04EC0-301F-11D3-BF4B-00C04F79EFBC}") = "Unity.TextMeshPro.Tests", "Unity.TextMeshPro.Tests.csproj", "{c6e7370b-8375-16cf-2e66-dfa5c8cb28c3}"
EndProject
Project("{FAE04EC0-301F-11D3-BF4B-00C04F79EFBC}") = "UnityEditor.UI.EditorTests", "UnityEditor.UI.EditorTests.csproj", "{b37af83f-7bd0-a055-619a-9876071bebd6}"
EndProject
Project("{FAE04EC0-301F-11D3-BF4B-00C04F79EFBC}") = "Unity.2D.Tilemap.Package.EditorTests", "Unity.2D.Tilemap.Package.EditorTests.csproj", "{d499cc41-77f4-5475-9d56-33f0bdcf561f}"
EndProject
Project("{FAE04EC0-301F-11D3-BF4B-00C04F79EFBC}") = "Unity.RenderPipelines.Universal.Runtime.Tests", "Unity.RenderPipelines.Universal.Runtime.Tests.csproj", "{29623448-f135-74cf-20e0-16c553d5a758}"
EndProject
Project("{FAE04EC0-301F-11D3-BF4B-00C04F79EFBC}") = "Unity.Collections.BurstCompatibilityGen", "Unity.Collections.BurstCompatibilityGen.csproj", "{16c8eecc-e062-ed5e-cdac-8c05519f02f7}"
EndProject
Project("{FAE04EC0-301F-11D3-BF4B-00C04F79EFBC}") = "Unity.ShaderGraph.Editor.Tests", "Unity.ShaderGraph.Editor.Tests.csproj", "{6faec329-6111-62d8-0abe-d4174964a5b6}"
EndProject
Global
	GlobalSection(SolutionConfigurationPlatforms) = preSolution
		Debug|Any CPU = Debug|Any CPU
	EndGlobalSection
	GlobalSection(ProjectConfigurationPlatforms) = postSolution
		{944bbdb1-3322-16cd-0e1c-9f578b6c3b0c}.Debug|Any CPU.ActiveCfg = Debug|Any CPU
		{944bbdb1-3322-16cd-0e1c-9f578b6c3b0c}.Debug|Any CPU.Build.0 = Debug|Any CPU
		{34b50e12-95e1-7b27-96b9-089a06a5c8fe}.Debug|Any CPU.ActiveCfg = Debug|Any CPU
		{34b50e12-95e1-7b27-96b9-089a06a5c8fe}.Debug|Any CPU.Build.0 = Debug|Any CPU
		{e4f5b396-ae0a-e204-afa5-b548e9bfb98c}.Debug|Any CPU.ActiveCfg = Debug|Any CPU
		{e4f5b396-ae0a-e204-afa5-b548e9bfb98c}.Debug|Any CPU.Build.0 = Debug|Any CPU
		{9228452c-ac8a-c4b2-9383-c6364777a948}.Debug|Any CPU.ActiveCfg = Debug|Any CPU
		{9228452c-ac8a-c4b2-9383-c6364777a948}.Debug|Any CPU.Build.0 = Debug|Any CPU
		{0f4decc4-8cb1-1de8-52d0-06676fdbf1fe}.Debug|Any CPU.ActiveCfg = Debug|Any CPU
		{0f4decc4-8cb1-1de8-52d0-06676fdbf1fe}.Debug|Any CPU.Build.0 = Debug|Any CPU
		{c2d32b5b-d303-8f42-c383-af9594fa1256}.Debug|Any CPU.ActiveCfg = Debug|Any CPU
		{c2d32b5b-d303-8f42-c383-af9594fa1256}.Debug|Any CPU.Build.0 = Debug|Any CPU
		{4958c254-9194-a4b2-aced-b25a808583b0}.Debug|Any CPU.ActiveCfg = Debug|Any CPU
		{4958c254-9194-a4b2-aced-b25a808583b0}.Debug|Any CPU.Build.0 = Debug|Any CPU
		{96fd4a95-231c-a9b5-ce64-b6c21ae99c22}.Debug|Any CPU.ActiveCfg = Debug|Any CPU
		{96fd4a95-231c-a9b5-ce64-b6c21ae99c22}.Debug|Any CPU.Build.0 = Debug|Any CPU
		{567914b9-7f44-44ea-37b8-46c2c01cd143}.Debug|Any CPU.ActiveCfg = Debug|Any CPU
		{567914b9-7f44-44ea-37b8-46c2c01cd143}.Debug|Any CPU.Build.0 = Debug|Any CPU
		{0ffa946f-f49b-2a6a-16d8-4316bd6327ae}.Debug|Any CPU.ActiveCfg = Debug|Any CPU
		{0ffa946f-f49b-2a6a-16d8-4316bd6327ae}.Debug|Any CPU.Build.0 = Debug|Any CPU
		{e5ec8912-3925-e878-4ca1-a762c0533a8a}.Debug|Any CPU.ActiveCfg = Debug|Any CPU
		{e5ec8912-3925-e878-4ca1-a762c0533a8a}.Debug|Any CPU.Build.0 = Debug|Any CPU
		{599a7406-e979-0b4f-80ff-4734a029ebb1}.Debug|Any CPU.ActiveCfg = Debug|Any CPU
		{599a7406-e979-0b4f-80ff-4734a029ebb1}.Debug|Any CPU.Build.0 = Debug|Any CPU
		{f43c0674-bc10-de75-4d17-72b291be2d19}.Debug|Any CPU.ActiveCfg = Debug|Any CPU
		{f43c0674-bc10-de75-4d17-72b291be2d19}.Debug|Any CPU.Build.0 = Debug|Any CPU
		{37cbc7ac-21fd-a060-3a81-bd91db363252}.Debug|Any CPU.ActiveCfg = Debug|Any CPU
		{37cbc7ac-21fd-a060-3a81-bd91db363252}.Debug|Any CPU.Build.0 = Debug|Any CPU
		{6bc714b8-851a-33c2-db7e-c4941ae87a73}.Debug|Any CPU.ActiveCfg = Debug|Any CPU
		{6bc714b8-851a-33c2-db7e-c4941ae87a73}.Debug|Any CPU.Build.0 = Debug|Any CPU
		{3a0e33f0-c227-d409-957f-2b1c59a36bf8}.Debug|Any CPU.ActiveCfg = Debug|Any CPU
		{3a0e33f0-c227-d409-957f-2b1c59a36bf8}.Debug|Any CPU.Build.0 = Debug|Any CPU
		{72bc61f5-495c-4632-4881-abce95c211e3}.Debug|Any CPU.ActiveCfg = Debug|Any CPU
		{72bc61f5-495c-4632-4881-abce95c211e3}.Debug|Any CPU.Build.0 = Debug|Any CPU
		{5f99e26b-3c0f-33aa-7365-e6edcf3369a0}.Debug|Any CPU.ActiveCfg = Debug|Any CPU
		{5f99e26b-3c0f-33aa-7365-e6edcf3369a0}.Debug|Any CPU.Build.0 = Debug|Any CPU
		{6546e320-c2d9-02cb-708d-40d0aa4a4fdb}.Debug|Any CPU.ActiveCfg = Debug|Any CPU
		{6546e320-c2d9-02cb-708d-40d0aa4a4fdb}.Debug|Any CPU.Build.0 = Debug|Any CPU
		{ce2b2a0a-b7d8-bdf9-a18f-840173da2935}.Debug|Any CPU.ActiveCfg = Debug|Any CPU
		{ce2b2a0a-b7d8-bdf9-a18f-840173da2935}.Debug|Any CPU.Build.0 = Debug|Any CPU
		{096c1f26-295d-82cb-9047-1507482e5d9d}.Debug|Any CPU.ActiveCfg = Debug|Any CPU
		{096c1f26-295d-82cb-9047-1507482e5d9d}.Debug|Any CPU.Build.0 = Debug|Any CPU
		{59acff90-1c06-9418-022c-7c90656b8885}.Debug|Any CPU.ActiveCfg = Debug|Any CPU
		{59acff90-1c06-9418-022c-7c90656b8885}.Debug|Any CPU.Build.0 = Debug|Any CPU
		{95df0fd9-8703-0220-c757-0407bc8714fc}.Debug|Any CPU.ActiveCfg = Debug|Any CPU
		{95df0fd9-8703-0220-c757-0407bc8714fc}.Debug|Any CPU.Build.0 = Debug|Any CPU
		{5f50da7f-3b55-cfdb-7ea4-fdb6e6b22282}.Debug|Any CPU.ActiveCfg = Debug|Any CPU
		{5f50da7f-3b55-cfdb-7ea4-fdb6e6b22282}.Debug|Any CPU.Build.0 = Debug|Any CPU
		{72f67358-1e35-00c7-b252-ea92ae53595c}.Debug|Any CPU.ActiveCfg = Debug|Any CPU
		{72f67358-1e35-00c7-b252-ea92ae53595c}.Debug|Any CPU.Build.0 = Debug|Any CPU
		{e2c10826-ee87-daef-7040-a5180ab13d22}.Debug|Any CPU.ActiveCfg = Debug|Any CPU
		{e2c10826-ee87-daef-7040-a5180ab13d22}.Debug|Any CPU.Build.0 = Debug|Any CPU
		{6c68d352-81db-afcc-93a2-c2518e09ab1f}.Debug|Any CPU.ActiveCfg = Debug|Any CPU
		{6c68d352-81db-afcc-93a2-c2518e09ab1f}.Debug|Any CPU.Build.0 = Debug|Any CPU
		{3789e2a2-4c70-d341-0ac5-715ce29e1eb0}.Debug|Any CPU.ActiveCfg = Debug|Any CPU
		{3789e2a2-4c70-d341-0ac5-715ce29e1eb0}.Debug|Any CPU.Build.0 = Debug|Any CPU
		{6dc63739-1cf3-59a0-8c7d-e83a43ca1722}.Debug|Any CPU.ActiveCfg = Debug|Any CPU
		{6dc63739-1cf3-59a0-8c7d-e83a43ca1722}.Debug|Any CPU.Build.0 = Debug|Any CPU
		{f7295172-bc22-392a-1b19-841f8d5e0785}.Debug|Any CPU.ActiveCfg = Debug|Any CPU
		{f7295172-bc22-392a-1b19-841f8d5e0785}.Debug|Any CPU.Build.0 = Debug|Any CPU
		{c2c5a511-1b4f-bea7-ae24-d321a002a345}.Debug|Any CPU.ActiveCfg = Debug|Any CPU
		{c2c5a511-1b4f-bea7-ae24-d321a002a345}.Debug|Any CPU.Build.0 = Debug|Any CPU
		{5d4f6c0f-d735-bf01-e552-a56d8413ebb1}.Debug|Any CPU.ActiveCfg = Debug|Any CPU
		{5d4f6c0f-d735-bf01-e552-a56d8413ebb1}.Debug|Any CPU.Build.0 = Debug|Any CPU
		{5809c867-b41a-7a5c-232a-3daaf5f3bd67}.Debug|Any CPU.ActiveCfg = Debug|Any CPU
		{5809c867-b41a-7a5c-232a-3daaf5f3bd67}.Debug|Any CPU.Build.0 = Debug|Any CPU
		{3bc5b99f-85be-56a4-a100-4fe8990f04bc}.Debug|Any CPU.ActiveCfg = Debug|Any CPU
		{3bc5b99f-85be-56a4-a100-4fe8990f04bc}.Debug|Any CPU.Build.0 = Debug|Any CPU
		{3cce27c9-c0d8-d70f-aa55-cb24bad9b182}.Debug|Any CPU.ActiveCfg = Debug|Any CPU
		{3cce27c9-c0d8-d70f-aa55-cb24bad9b182}.Debug|Any CPU.Build.0 = Debug|Any CPU
		{aa304613-456b-f8b5-da8a-609c50ec6d30}.Debug|Any CPU.ActiveCfg = Debug|Any CPU
		{aa304613-456b-f8b5-da8a-609c50ec6d30}.Debug|Any CPU.Build.0 = Debug|Any CPU
		{4534f780-17b7-6710-836d-3bcbd5a70ff8}.Debug|Any CPU.ActiveCfg = Debug|Any CPU
		{4534f780-17b7-6710-836d-3bcbd5a70ff8}.Debug|Any CPU.Build.0 = Debug|Any CPU
		{c15c3f0e-68ab-8668-d0a0-f0351b6e9628}.Debug|Any CPU.ActiveCfg = Debug|Any CPU
		{c15c3f0e-68ab-8668-d0a0-f0351b6e9628}.Debug|Any CPU.Build.0 = Debug|Any CPU
		{787b590f-9bb9-907c-fb2e-40984e436d7c}.Debug|Any CPU.ActiveCfg = Debug|Any CPU
		{787b590f-9bb9-907c-fb2e-40984e436d7c}.Debug|Any CPU.Build.0 = Debug|Any CPU
		{c4e1010c-0bf1-3887-0547-8812e495f499}.Debug|Any CPU.ActiveCfg = Debug|Any CPU
		{c4e1010c-0bf1-3887-0547-8812e495f499}.Debug|Any CPU.Build.0 = Debug|Any CPU
		{0e33b3c1-a909-5118-0239-a0ba09c12df5}.Debug|Any CPU.ActiveCfg = Debug|Any CPU
		{0e33b3c1-a909-5118-0239-a0ba09c12df5}.Debug|Any CPU.Build.0 = Debug|Any CPU
		{f37b2be9-10ce-b911-1493-467154506b20}.Debug|Any CPU.ActiveCfg = Debug|Any CPU
		{f37b2be9-10ce-b911-1493-467154506b20}.Debug|Any CPU.Build.0 = Debug|Any CPU
		{b732141c-a55e-b042-555b-1dd485f018b9}.Debug|Any CPU.ActiveCfg = Debug|Any CPU
		{b732141c-a55e-b042-555b-1dd485f018b9}.Debug|Any CPU.Build.0 = Debug|Any CPU
		{95760334-03ef-f821-0acb-277e9c3ec445}.Debug|Any CPU.ActiveCfg = Debug|Any CPU
		{95760334-03ef-f821-0acb-277e9c3ec445}.Debug|Any CPU.Build.0 = Debug|Any CPU
		{439a525c-7743-ef9e-1abd-fbcc671a09e6}.Debug|Any CPU.ActiveCfg = Debug|Any CPU
		{439a525c-7743-ef9e-1abd-fbcc671a09e6}.Debug|Any CPU.Build.0 = Debug|Any CPU
		{222644b6-2329-397c-8f07-3c94399b1c7a}.Debug|Any CPU.ActiveCfg = Debug|Any CPU
		{222644b6-2329-397c-8f07-3c94399b1c7a}.Debug|Any CPU.Build.0 = Debug|Any CPU
		{b64625f8-03df-c9e7-3152-1a7f38d33e6c}.Debug|Any CPU.ActiveCfg = Debug|Any CPU
		{b64625f8-03df-c9e7-3152-1a7f38d33e6c}.Debug|Any CPU.Build.0 = Debug|Any CPU
		{f06dc299-6cb6-2a00-674c-ece425885b9f}.Debug|Any CPU.ActiveCfg = Debug|Any CPU
		{f06dc299-6cb6-2a00-674c-ece425885b9f}.Debug|Any CPU.Build.0 = Debug|Any CPU
		{e0201a4d-6a24-d4f6-d251-b0557a656080}.Debug|Any CPU.ActiveCfg = Debug|Any CPU
		{e0201a4d-6a24-d4f6-d251-b0557a656080}.Debug|Any CPU.Build.0 = Debug|Any CPU
		{23edd48a-028d-2055-a02b-7478ddcc7ea6}.Debug|Any CPU.ActiveCfg = Debug|Any CPU
		{23edd48a-028d-2055-a02b-7478ddcc7ea6}.Debug|Any CPU.Build.0 = Debug|Any CPU
		{889e9f0f-e0f9-b1ff-50d4-7d982e348bb0}.Debug|Any CPU.ActiveCfg = Debug|Any CPU
		{889e9f0f-e0f9-b1ff-50d4-7d982e348bb0}.Debug|Any CPU.Build.0 = Debug|Any CPU
		{9e07988b-a2b0-a575-6301-eb9eb62522d9}.Debug|Any CPU.ActiveCfg = Debug|Any CPU
		{9e07988b-a2b0-a575-6301-eb9eb62522d9}.Debug|Any CPU.Build.0 = Debug|Any CPU
		{d3b11d69-76cc-968b-1bd6-18a9ac1924f0}.Debug|Any CPU.ActiveCfg = Debug|Any CPU
		{d3b11d69-76cc-968b-1bd6-18a9ac1924f0}.Debug|Any CPU.Build.0 = Debug|Any CPU
		{326574f6-4036-47f8-6ecc-4baa9558167f}.Debug|Any CPU.ActiveCfg = Debug|Any CPU
		{326574f6-4036-47f8-6ecc-4baa9558167f}.Debug|Any CPU.Build.0 = Debug|Any CPU
		{8361c06d-3f57-af85-1868-5cd0b3098ab2}.Debug|Any CPU.ActiveCfg = Debug|Any CPU
		{8361c06d-3f57-af85-1868-5cd0b3098ab2}.Debug|Any CPU.Build.0 = Debug|Any CPU
		{3528cccb-4c6a-fc83-a3e6-7f2aa220c70c}.Debug|Any CPU.ActiveCfg = Debug|Any CPU
		{3528cccb-4c6a-fc83-a3e6-7f2aa220c70c}.Debug|Any CPU.Build.0 = Debug|Any CPU
		{9d4ecf80-71d0-23fc-dce2-002753264745}.Debug|Any CPU.ActiveCfg = Debug|Any CPU
		{9d4ecf80-71d0-23fc-dce2-002753264745}.Debug|Any CPU.Build.0 = Debug|Any CPU
		{ff4e686a-878e-728c-6890-864a09461e4c}.Debug|Any CPU.ActiveCfg = Debug|Any CPU
		{ff4e686a-878e-728c-6890-864a09461e4c}.Debug|Any CPU.Build.0 = Debug|Any CPU
		{f74f1f21-b73a-1bbe-d1e1-1a9132f8fa44}.Debug|Any CPU.ActiveCfg = Debug|Any CPU
		{f74f1f21-b73a-1bbe-d1e1-1a9132f8fa44}.Debug|Any CPU.Build.0 = Debug|Any CPU
		{8cd648f7-e1aa-1baa-015e-efe3977e7336}.Debug|Any CPU.ActiveCfg = Debug|Any CPU
		{8cd648f7-e1aa-1baa-015e-efe3977e7336}.Debug|Any CPU.Build.0 = Debug|Any CPU
		{5e285905-8de6-2e10-d2e4-7b51ea0dbc78}.Debug|Any CPU.ActiveCfg = Debug|Any CPU
		{5e285905-8de6-2e10-d2e4-7b51ea0dbc78}.Debug|Any CPU.Build.0 = Debug|Any CPU
		{de2fd318-1074-d9d0-7ca8-f80f00139212}.Debug|Any CPU.ActiveCfg = Debug|Any CPU
		{de2fd318-1074-d9d0-7ca8-f80f00139212}.Debug|Any CPU.Build.0 = Debug|Any CPU
		{76d98eb5-9a80-a505-40bf-dee2df24447b}.Debug|Any CPU.ActiveCfg = Debug|Any CPU
		{76d98eb5-9a80-a505-40bf-dee2df24447b}.Debug|Any CPU.Build.0 = Debug|Any CPU
		{8968473b-e439-2654-6818-fdfa8424e889}.Debug|Any CPU.ActiveCfg = Debug|Any CPU
		{8968473b-e439-2654-6818-fdfa8424e889}.Debug|Any CPU.Build.0 = Debug|Any CPU
		{019b6dd1-7e76-023e-066c-837bf475810d}.Debug|Any CPU.ActiveCfg = Debug|Any CPU
		{019b6dd1-7e76-023e-066c-837bf475810d}.Debug|Any CPU.Build.0 = Debug|Any CPU
		{98e81981-f30f-d1d9-7afe-8f4c125116a3}.Debug|Any CPU.ActiveCfg = Debug|Any CPU
		{98e81981-f30f-d1d9-7afe-8f4c125116a3}.Debug|Any CPU.Build.0 = Debug|Any CPU
		{5ff725ce-f9fe-c803-e3cf-fe1227fad1d9}.Debug|Any CPU.ActiveCfg = Debug|Any CPU
		{5ff725ce-f9fe-c803-e3cf-fe1227fad1d9}.Debug|Any CPU.Build.0 = Debug|Any CPU
		{ee806346-92f0-030c-ec3b-0d6e8a97f844}.Debug|Any CPU.ActiveCfg = Debug|Any CPU
		{ee806346-92f0-030c-ec3b-0d6e8a97f844}.Debug|Any CPU.Build.0 = Debug|Any CPU
		{423f0d4c-3d05-fd68-5f5e-270016891b91}.Debug|Any CPU.ActiveCfg = Debug|Any CPU
		{423f0d4c-3d05-fd68-5f5e-270016891b91}.Debug|Any CPU.Build.0 = Debug|Any CPU
		{87bb7af6-2983-e5a3-9b7c-c9bad30af2d4}.Debug|Any CPU.ActiveCfg = Debug|Any CPU
		{87bb7af6-2983-e5a3-9b7c-c9bad30af2d4}.Debug|Any CPU.Build.0 = Debug|Any CPU
		{88960727-9025-e921-bbce-af49ab3ea494}.Debug|Any CPU.ActiveCfg = Debug|Any CPU
		{88960727-9025-e921-bbce-af49ab3ea494}.Debug|Any CPU.Build.0 = Debug|Any CPU
		{e55c697a-8fa9-110e-dfaa-d9592e6d1f50}.Debug|Any CPU.ActiveCfg = Debug|Any CPU
		{e55c697a-8fa9-110e-dfaa-d9592e6d1f50}.Debug|Any CPU.Build.0 = Debug|Any CPU
		{b33c7e09-2e73-d164-ba6d-42e2f5fa0a4b}.Debug|Any CPU.ActiveCfg = Debug|Any CPU
		{b33c7e09-2e73-d164-ba6d-42e2f5fa0a4b}.Debug|Any CPU.Build.0 = Debug|Any CPU
		{b9d302c9-7133-2e6f-6fbb-644a33511e9c}.Debug|Any CPU.ActiveCfg = Debug|Any CPU
		{b9d302c9-7133-2e6f-6fbb-644a33511e9c}.Debug|Any CPU.Build.0 = Debug|Any CPU
		{d4c4aa40-349f-dbcd-7765-c8f204c81ef8}.Debug|Any CPU.ActiveCfg = Debug|Any CPU
		{d4c4aa40-349f-dbcd-7765-c8f204c81ef8}.Debug|Any CPU.Build.0 = Debug|Any CPU
		{108fdc1f-9547-2fdd-579d-258bf654a1fc}.Debug|Any CPU.ActiveCfg = Debug|Any CPU
		{108fdc1f-9547-2fdd-579d-258bf654a1fc}.Debug|Any CPU.Build.0 = Debug|Any CPU
		{0e7e3cb1-3d07-6f3d-fefc-bab2d70eb099}.Debug|Any CPU.ActiveCfg = Debug|Any CPU
		{0e7e3cb1-3d07-6f3d-fefc-bab2d70eb099}.Debug|Any CPU.Build.0 = Debug|Any CPU
		{9cd5fb91-7c38-e59a-2723-51180a745901}.Debug|Any CPU.ActiveCfg = Debug|Any CPU
		{9cd5fb91-7c38-e59a-2723-51180a745901}.Debug|Any CPU.Build.0 = Debug|Any CPU
		{c1a83fb3-0ed6-0bf0-eb43-766c581a6a81}.Debug|Any CPU.ActiveCfg = Debug|Any CPU
		{c1a83fb3-0ed6-0bf0-eb43-766c581a6a81}.Debug|Any CPU.Build.0 = Debug|Any CPU
		{b006852f-f0af-5733-4f17-2c2401781a8a}.Debug|Any CPU.ActiveCfg = Debug|Any CPU
		{b006852f-f0af-5733-4f17-2c2401781a8a}.Debug|Any CPU.Build.0 = Debug|Any CPU
		{79897f19-d432-fab5-ef92-39197ee59fe1}.Debug|Any CPU.ActiveCfg = Debug|Any CPU
		{79897f19-d432-fab5-ef92-39197ee59fe1}.Debug|Any CPU.Build.0 = Debug|Any CPU
		{d5840d51-12f2-161c-665e-39536a009532}.Debug|Any CPU.ActiveCfg = Debug|Any CPU
		{d5840d51-12f2-161c-665e-39536a009532}.Debug|Any CPU.Build.0 = Debug|Any CPU
		{8d132296-47cf-163c-0cb9-53c235c095dd}.Debug|Any CPU.ActiveCfg = Debug|Any CPU
		{8d132296-47cf-163c-0cb9-53c235c095dd}.Debug|Any CPU.Build.0 = Debug|Any CPU
		{447dd3fd-476e-a448-c677-d8ab153e2d4f}.Debug|Any CPU.ActiveCfg = Debug|Any CPU
		{447dd3fd-476e-a448-c677-d8ab153e2d4f}.Debug|Any CPU.Build.0 = Debug|Any CPU
		{9b5eafac-af6e-3409-bd04-3a8e3c8fec63}.Debug|Any CPU.ActiveCfg = Debug|Any CPU
		{9b5eafac-af6e-3409-bd04-3a8e3c8fec63}.Debug|Any CPU.Build.0 = Debug|Any CPU
		{d65fe572-ea8d-ed5f-d225-b8902bbe85c8}.Debug|Any CPU.ActiveCfg = Debug|Any CPU
		{d65fe572-ea8d-ed5f-d225-b8902bbe85c8}.Debug|Any CPU.Build.0 = Debug|Any CPU
		{bb7639dd-3db5-f3c0-cb7a-fc58a27f853e}.Debug|Any CPU.ActiveCfg = Debug|Any CPU
		{bb7639dd-3db5-f3c0-cb7a-fc58a27f853e}.Debug|Any CPU.Build.0 = Debug|Any CPU
		{3e0b3c23-b2be-724c-51af-f94694a4f6b2}.Debug|Any CPU.ActiveCfg = Debug|Any CPU
		{3e0b3c23-b2be-724c-51af-f94694a4f6b2}.Debug|Any CPU.Build.0 = Debug|Any CPU
		{9c7947bb-ef66-249d-96f6-95fc13b365b1}.Debug|Any CPU.ActiveCfg = Debug|Any CPU
		{9c7947bb-ef66-249d-96f6-95fc13b365b1}.Debug|Any CPU.Build.0 = Debug|Any CPU
		{0e7beb20-83a9-4685-d5f8-38c83d30a64c}.Debug|Any CPU.ActiveCfg = Debug|Any CPU
		{0e7beb20-83a9-4685-d5f8-38c83d30a64c}.Debug|Any CPU.Build.0 = Debug|Any CPU
		{7c20212b-f072-87f8-5a1d-94117eec2d56}.Debug|Any CPU.ActiveCfg = Debug|Any CPU
		{7c20212b-f072-87f8-5a1d-94117eec2d56}.Debug|Any CPU.Build.0 = Debug|Any CPU
		{c0fae531-a4ae-ece1-40e1-6596d1fde720}.Debug|Any CPU.ActiveCfg = Debug|Any CPU
		{c0fae531-a4ae-ece1-40e1-6596d1fde720}.Debug|Any CPU.Build.0 = Debug|Any CPU
		{f7833366-ad9c-4d0c-9b0f-83c67ad8c3ea}.Debug|Any CPU.ActiveCfg = Debug|Any CPU
		{f7833366-ad9c-4d0c-9b0f-83c67ad8c3ea}.Debug|Any CPU.Build.0 = Debug|Any CPU
		{08d663a2-1b11-402a-d6c1-9aa8355078c6}.Debug|Any CPU.ActiveCfg = Debug|Any CPU
		{08d663a2-1b11-402a-d6c1-9aa8355078c6}.Debug|Any CPU.Build.0 = Debug|Any CPU
		{e4530317-8d42-0f53-582e-e74d9ceaddaa}.Debug|Any CPU.ActiveCfg = Debug|Any CPU
		{e4530317-8d42-0f53-582e-e74d9ceaddaa}.Debug|Any CPU.Build.0 = Debug|Any CPU
		{ed611a3b-c6ea-5573-a933-297ca06590ff}.Debug|Any CPU.ActiveCfg = Debug|Any CPU
		{ed611a3b-c6ea-5573-a933-297ca06590ff}.Debug|Any CPU.Build.0 = Debug|Any CPU
		{1cd10e34-1faf-3ba1-ca2e-c9c67d5bd24b}.Debug|Any CPU.ActiveCfg = Debug|Any CPU
		{1cd10e34-1faf-3ba1-ca2e-c9c67d5bd24b}.Debug|Any CPU.Build.0 = Debug|Any CPU
		{4e7ce0b2-9634-d35a-3af5-123df40cd217}.Debug|Any CPU.ActiveCfg = Debug|Any CPU
		{4e7ce0b2-9634-d35a-3af5-123df40cd217}.Debug|Any CPU.Build.0 = Debug|Any CPU
		{b4343204-003e-5993-5b47-397dcb7f0b6d}.Debug|Any CPU.ActiveCfg = Debug|Any CPU
		{b4343204-003e-5993-5b47-397dcb7f0b6d}.Debug|Any CPU.Build.0 = Debug|Any CPU
		{c15f2286-be0e-e8fd-316b-efcfd42bf20c}.Debug|Any CPU.ActiveCfg = Debug|Any CPU
		{c15f2286-be0e-e8fd-316b-efcfd42bf20c}.Debug|Any CPU.Build.0 = Debug|Any CPU
		{80060ef6-74c1-0f9f-f4ab-c7226a098f2e}.Debug|Any CPU.ActiveCfg = Debug|Any CPU
		{80060ef6-74c1-0f9f-f4ab-c7226a098f2e}.Debug|Any CPU.Build.0 = Debug|Any CPU
		{7081e1b3-46ce-6d72-d3be-287a3179c326}.Debug|Any CPU.ActiveCfg = Debug|Any CPU
		{7081e1b3-46ce-6d72-d3be-287a3179c326}.Debug|Any CPU.Build.0 = Debug|Any CPU
		{a3a0bd59-0c26-8ae4-9cc9-1e37ed9b5db8}.Debug|Any CPU.ActiveCfg = Debug|Any CPU
		{a3a0bd59-0c26-8ae4-9cc9-1e37ed9b5db8}.Debug|Any CPU.Build.0 = Debug|Any CPU
		{3ec1c67f-514f-57ef-2653-9009be8cd62c}.Debug|Any CPU.ActiveCfg = Debug|Any CPU
		{3ec1c67f-514f-57ef-2653-9009be8cd62c}.Debug|Any CPU.Build.0 = Debug|Any CPU
		{2e978f73-8699-acb3-a64f-d13f366d5c61}.Debug|Any CPU.ActiveCfg = Debug|Any CPU
		{2e978f73-8699-acb3-a64f-d13f366d5c61}.Debug|Any CPU.Build.0 = Debug|Any CPU
		{f576b730-c21f-c551-9057-1b825290bfb3}.Debug|Any CPU.ActiveCfg = Debug|Any CPU
		{f576b730-c21f-c551-9057-1b825290bfb3}.Debug|Any CPU.Build.0 = Debug|Any CPU
		{6d0f9a77-9334-9d72-b17a-57d8e6382ace}.Debug|Any CPU.ActiveCfg = Debug|Any CPU
		{6d0f9a77-9334-9d72-b17a-57d8e6382ace}.Debug|Any CPU.Build.0 = Debug|Any CPU
		{13c5bb5d-36d2-af03-d220-17af91745cf5}.Debug|Any CPU.ActiveCfg = Debug|Any CPU
		{13c5bb5d-36d2-af03-d220-17af91745cf5}.Debug|Any CPU.Build.0 = Debug|Any CPU
		{f66ca9bd-29b5-03bc-9bec-7a414fcd1dd2}.Debug|Any CPU.ActiveCfg = Debug|Any CPU
		{f66ca9bd-29b5-03bc-9bec-7a414fcd1dd2}.Debug|Any CPU.Build.0 = Debug|Any CPU
		{737195b3-7415-8ad7-26f0-688f89588fb3}.Debug|Any CPU.ActiveCfg = Debug|Any CPU
		{737195b3-7415-8ad7-26f0-688f89588fb3}.Debug|Any CPU.Build.0 = Debug|Any CPU
		{d125346c-5771-ac14-686b-39be4b60ffc6}.Debug|Any CPU.ActiveCfg = Debug|Any CPU
		{d125346c-5771-ac14-686b-39be4b60ffc6}.Debug|Any CPU.Build.0 = Debug|Any CPU
		{11630e36-eb61-99aa-a013-9cad7be2c322}.Debug|Any CPU.ActiveCfg = Debug|Any CPU
		{11630e36-eb61-99aa-a013-9cad7be2c322}.Debug|Any CPU.Build.0 = Debug|Any CPU
		{ee803634-a84b-35dc-d025-625d354feb68}.Debug|Any CPU.ActiveCfg = Debug|Any CPU
		{ee803634-a84b-35dc-d025-625d354feb68}.Debug|Any CPU.Build.0 = Debug|Any CPU
		{551e706d-1399-d88f-9d73-e008382b3aa7}.Debug|Any CPU.ActiveCfg = Debug|Any CPU
		{551e706d-1399-d88f-9d73-e008382b3aa7}.Debug|Any CPU.Build.0 = Debug|Any CPU
		{db52c077-54ca-d9ce-f5e1-7acca7827052}.Debug|Any CPU.ActiveCfg = Debug|Any CPU
		{db52c077-54ca-d9ce-f5e1-7acca7827052}.Debug|Any CPU.Build.0 = Debug|Any CPU
		{2311430b-36fa-ebc2-3a9e-776f388878e7}.Debug|Any CPU.ActiveCfg = Debug|Any CPU
		{2311430b-36fa-ebc2-3a9e-776f388878e7}.Debug|Any CPU.Build.0 = Debug|Any CPU
		{efacba10-c0be-f650-816f-fe8a7ef2a0de}.Debug|Any CPU.ActiveCfg = Debug|Any CPU
		{efacba10-c0be-f650-816f-fe8a7ef2a0de}.Debug|Any CPU.Build.0 = Debug|Any CPU
		{06cf6fe5-9be2-ea9f-b7a2-42a956cc6e64}.Debug|Any CPU.ActiveCfg = Debug|Any CPU
		{06cf6fe5-9be2-ea9f-b7a2-42a956cc6e64}.Debug|Any CPU.Build.0 = Debug|Any CPU
		{57e341f2-92aa-38ea-8521-fa4287b9c77f}.Debug|Any CPU.ActiveCfg = Debug|Any CPU
		{57e341f2-92aa-38ea-8521-fa4287b9c77f}.Debug|Any CPU.Build.0 = Debug|Any CPU
		{1cf7fbc1-8371-8252-0d8e-58fd27b197d4}.Debug|Any CPU.ActiveCfg = Debug|Any CPU
		{1cf7fbc1-8371-8252-0d8e-58fd27b197d4}.Debug|Any CPU.Build.0 = Debug|Any CPU
		{f706a7a0-6d34-4d24-443a-090d2091919f}.Debug|Any CPU.ActiveCfg = Debug|Any CPU
		{f706a7a0-6d34-4d24-443a-090d2091919f}.Debug|Any CPU.Build.0 = Debug|Any CPU
		{67c95ba1-7952-bda1-f845-f532a8d87dbf}.Debug|Any CPU.ActiveCfg = Debug|Any CPU
		{67c95ba1-7952-bda1-f845-f532a8d87dbf}.Debug|Any CPU.Build.0 = Debug|Any CPU
		{e4a9d409-e465-85a5-9bab-c52203502df2}.Debug|Any CPU.ActiveCfg = Debug|Any CPU
		{e4a9d409-e465-85a5-9bab-c52203502df2}.Debug|Any CPU.Build.0 = Debug|Any CPU
		{4bf25329-2c4f-f4c1-3be8-0169ab4facc8}.Debug|Any CPU.ActiveCfg = Debug|Any CPU
		{4bf25329-2c4f-f4c1-3be8-0169ab4facc8}.Debug|Any CPU.Build.0 = Debug|Any CPU
		{4d59a8b5-b83b-1b75-fce7-13c468b9869f}.Debug|Any CPU.ActiveCfg = Debug|Any CPU
		{4d59a8b5-b83b-1b75-fce7-13c468b9869f}.Debug|Any CPU.Build.0 = Debug|Any CPU
		{ca314116-925c-9fbe-4b2c-6e7d2ceb46c2}.Debug|Any CPU.ActiveCfg = Debug|Any CPU
		{ca314116-925c-9fbe-4b2c-6e7d2ceb46c2}.Debug|Any CPU.Build.0 = Debug|Any CPU
		{e8b408d5-1f85-dcda-3e79-b402309425ad}.Debug|Any CPU.ActiveCfg = Debug|Any CPU
		{e8b408d5-1f85-dcda-3e79-b402309425ad}.Debug|Any CPU.Build.0 = Debug|Any CPU
		{9e883109-5121-56b9-b8c3-d229ec04b876}.Debug|Any CPU.ActiveCfg = Debug|Any CPU
		{9e883109-5121-56b9-b8c3-d229ec04b876}.Debug|Any CPU.Build.0 = Debug|Any CPU
		{b45ec8bf-138f-ab80-601e-93d8ca16bf90}.Debug|Any CPU.ActiveCfg = Debug|Any CPU
		{b45ec8bf-138f-ab80-601e-93d8ca16bf90}.Debug|Any CPU.Build.0 = Debug|Any CPU
		{1c805ffd-a177-9a72-53bc-47a73f9492e4}.Debug|Any CPU.ActiveCfg = Debug|Any CPU
		{1c805ffd-a177-9a72-53bc-47a73f9492e4}.Debug|Any CPU.Build.0 = Debug|Any CPU
		{e6ea3266-11f4-a94d-df05-0406bb39f1dd}.Debug|Any CPU.ActiveCfg = Debug|Any CPU
		{e6ea3266-11f4-a94d-df05-0406bb39f1dd}.Debug|Any CPU.Build.0 = Debug|Any CPU
		{5b9ad0c4-0eef-93ab-4e42-573bf46a12e8}.Debug|Any CPU.ActiveCfg = Debug|Any CPU
		{5b9ad0c4-0eef-93ab-4e42-573bf46a12e8}.Debug|Any CPU.Build.0 = Debug|Any CPU
		{e87f66c9-a085-8724-2ed9-4b1851f4dbe5}.Debug|Any CPU.ActiveCfg = Debug|Any CPU
		{e87f66c9-a085-8724-2ed9-4b1851f4dbe5}.Debug|Any CPU.Build.0 = Debug|Any CPU
		{64a4060e-16a4-ae6f-19f9-0db299645066}.Debug|Any CPU.ActiveCfg = Debug|Any CPU
		{64a4060e-16a4-ae6f-19f9-0db299645066}.Debug|Any CPU.Build.0 = Debug|Any CPU
		{9bbb827e-7e94-bc2d-8cc9-92b852a19d07}.Debug|Any CPU.ActiveCfg = Debug|Any CPU
		{9bbb827e-7e94-bc2d-8cc9-92b852a19d07}.Debug|Any CPU.Build.0 = Debug|Any CPU
		{1590be4f-3db7-6be0-4df0-d53da416bbf9}.Debug|Any CPU.ActiveCfg = Debug|Any CPU
		{1590be4f-3db7-6be0-4df0-d53da416bbf9}.Debug|Any CPU.Build.0 = Debug|Any CPU
		{06f4b897-834e-2bba-82cd-3374ec8c4ab3}.Debug|Any CPU.ActiveCfg = Debug|Any CPU
		{06f4b897-834e-2bba-82cd-3374ec8c4ab3}.Debug|Any CPU.Build.0 = Debug|Any CPU
		{3030c1a5-2afa-b277-8c3f-558b41828405}.Debug|Any CPU.ActiveCfg = Debug|Any CPU
		{3030c1a5-2afa-b277-8c3f-558b41828405}.Debug|Any CPU.Build.0 = Debug|Any CPU
		{c6e7370b-8375-16cf-2e66-dfa5c8cb28c3}.Debug|Any CPU.ActiveCfg = Debug|Any CPU
		{c6e7370b-8375-16cf-2e66-dfa5c8cb28c3}.Debug|Any CPU.Build.0 = Debug|Any CPU
		{b37af83f-7bd0-a055-619a-9876071bebd6}.Debug|Any CPU.ActiveCfg = Debug|Any CPU
		{b37af83f-7bd0-a055-619a-9876071bebd6}.Debug|Any CPU.Build.0 = Debug|Any CPU
		{d499cc41-77f4-5475-9d56-33f0bdcf561f}.Debug|Any CPU.ActiveCfg = Debug|Any CPU
		{d499cc41-77f4-5475-9d56-33f0bdcf561f}.Debug|Any CPU.Build.0 = Debug|Any CPU
		{29623448-f135-74cf-20e0-16c553d5a758}.Debug|Any CPU.ActiveCfg = Debug|Any CPU
		{29623448-f135-74cf-20e0-16c553d5a758}.Debug|Any CPU.Build.0 = Debug|Any CPU
		{16c8eecc-e062-ed5e-cdac-8c05519f02f7}.Debug|Any CPU.ActiveCfg = Debug|Any CPU
		{16c8eecc-e062-ed5e-cdac-8c05519f02f7}.Debug|Any CPU.Build.0 = Debug|Any CPU
		{6faec329-6111-62d8-0abe-d4174964a5b6}.Debug|Any CPU.ActiveCfg = Debug|Any CPU
		{6faec329-6111-62d8-0abe-d4174964a5b6}.Debug|Any CPU.Build.0 = Debug|Any CPU
	EndGlobalSection
	GlobalSection(SolutionProperties) = preSolution
		HideSolutionNode = FALSE
	EndGlobalSection
EndGlobal
